
Microsoft Visual Studio Solution File, Format Version 12.00
# Visual Studio Version 17
VisualStudioVersion = 17.3.32819.101
MinimumVisualStudioVersion = 10.0.40219.1
Project("{FAE04EC0-301F-11D3-BF4B-00C04F79EFBC}") = "Ejercicio5", "Ejercicio5\Ejercicio5.csproj", "{2586CF32-0913-4CE1-8C8C-614ED8AC7AEE}"
EndProject
Global
	GlobalSection(SolutionConfigurationPlatforms) = preSolution
		Debug|Any CPU = Debug|Any CPU
		Release|Any CPU = Release|Any CPU
	EndGlobalSection
	GlobalSection(ProjectConfigurationPlatforms) = postSolution
		{2586CF32-0913-4CE1-8C8C-614ED8AC7AEE}.Debug|Any CPU.ActiveCfg = Debug|Any CPU
		{2586CF32-0913-4CE1-8C8C-614ED8AC7AEE}.Debug|Any CPU.Build.0 = Debug|Any CPU
		{2586CF32-0913-4CE1-8C8C-614ED8AC7AEE}.Release|Any CPU.ActiveCfg = Release|Any CPU
		{2586CF32-0913-4CE1-8C8C-614ED8AC7AEE}.Release|Any CPU.Build.0 = Release|Any CPU
	EndGlobalSection
	GlobalSection(SolutionProperties) = preSolution
		HideSolutionNode = FALSE
	EndGlobalSection
	GlobalSection(ExtensibilityGlobals) = postSolution
		SolutionGuid = {494FFF3C-96AC-491B-B6E9-2363B3871EF6}
	EndGlobalSection
EndGlobal
