
Microsoft Visual Studio Solution File, Format Version 12.00
# Visual Studio Version 17
VisualStudioVersion = 17.3.32819.101
MinimumVisualStudioVersion = 10.0.40219.1
Project("{FAE04EC0-301F-11D3-BF4B-00C04F79EFBC}") = "Ejercicio1", "Ejercicio1\Ejercicio1.csproj", "{2CDFC3C8-6954-441B-BF73-FBCEC09A1EBA}"
EndProject
Global
	GlobalSection(SolutionConfigurationPlatforms) = preSolution
		Debug|Any CPU = Debug|Any CPU
		Release|Any CPU = Release|Any CPU
	EndGlobalSection
	GlobalSection(ProjectConfigurationPlatforms) = postSolution
		{2CDFC3C8-6954-441B-BF73-FBCEC09A1EBA}.Debug|Any CPU.ActiveCfg = Debug|Any CPU
		{2CDFC3C8-6954-441B-BF73-FBCEC09A1EBA}.Debug|Any CPU.Build.0 = Debug|Any CPU
		{2CDFC3C8-6954-441B-BF73-FBCEC09A1EBA}.Release|Any CPU.ActiveCfg = Release|Any CPU
		{2CDFC3C8-6954-441B-BF73-FBCEC09A1EBA}.Release|Any CPU.Build.0 = Release|Any CPU
	EndGlobalSection
	GlobalSection(SolutionProperties) = preSolution
		HideSolutionNode = FALSE
	EndGlobalSection
	GlobalSection(ExtensibilityGlobals) = postSolution
		SolutionGuid = {937EC3EF-7CC7-4870-B6F5-5EC47BDD61AE}
	EndGlobalSection
EndGlobal
