
Microsoft Visual Studio Solution File, Format Version 12.00
# Visual Studio Version 17
VisualStudioVersion = 17.3.32819.101
MinimumVisualStudioVersion = 10.0.40219.1
Project("{FAE04EC0-301F-11D3-BF4B-00C04F79EFBC}") = "Ejercicio6", "Ejercicio6\Ejercicio6.csproj", "{1457E4AD-6865-4BA1-B122-F246D60484B7}"
EndProject
Global
	GlobalSection(SolutionConfigurationPlatforms) = preSolution
		Debug|Any CPU = Debug|Any CPU
		Release|Any CPU = Release|Any CPU
	EndGlobalSection
	GlobalSection(ProjectConfigurationPlatforms) = postSolution
		{1457E4AD-6865-4BA1-B122-F246D60484B7}.Debug|Any CPU.ActiveCfg = Debug|Any CPU
		{1457E4AD-6865-4BA1-B122-F246D60484B7}.Debug|Any CPU.Build.0 = Debug|Any CPU
		{1457E4AD-6865-4BA1-B122-F246D60484B7}.Release|Any CPU.ActiveCfg = Release|Any CPU
		{1457E4AD-6865-4BA1-B122-F246D60484B7}.Release|Any CPU.Build.0 = Release|Any CPU
	EndGlobalSection
	GlobalSection(SolutionProperties) = preSolution
		HideSolutionNode = FALSE
	EndGlobalSection
	GlobalSection(ExtensibilityGlobals) = postSolution
		SolutionGuid = {C058A6E7-9E57-498A-A96D-D248B9727988}
	EndGlobalSection
EndGlobal
